[[dependencies]]
name = "@openzeppelin-contracts"
version = "4.9.3"
url = "https://soldeer-revisions.s3.amazonaws.com/@openzeppelin-contracts/4_9_3_22-01-2024_13:13:53_contracts.zip"
checksum = "95886307069cf73310b41396c49df51801a73f31f18f62e7d05adfc2031e7725"
integrity = "6daa959732c1bceabda7f2823d1baa097b96509b48db78cb2e3ddd38bd4fd030"

[[dependencies]]
name = "@openzeppelin-contracts-upgradeable"
version = "4.9.3"
url = "https://soldeer-revisions.s3.amazonaws.com/@openzeppelin-contracts-upgradeable/4_9_3_22-01-2024_13:15:05_contracts-upgradeable.zip"
checksum = "9ad25907929442198cbb24a1a55707ff182069c2cf8abc58327c96c142339aab"
integrity = "697b8ee28ee936527af02f2d59bb219f86cefe5d696fe5ddc9f7bee15cf5bb37"

[[dependencies]]
name = "tnt-core"
version = "0.3.0"
url = "https://soldeer-revisions.s3.amazonaws.com/tnt-core/0_3_0_21-02-2025_19:54:56_tnt-core.zip"
checksum = "f4939e5485b12372bf1e81e148fe48535295fb13fc14a1572e340475b52ff3d1"
integrity = "63fac62953c0dc031f4f12e3143d0ae4adfade69f5c6b1263ac610dc6db6b3ba"
